
Microsoft Visual Studio Solution File, Format Version 12.00
# Visual Studio 15
VisualStudioVersion = 15.0.27703.2026
MinimumVisualStudioVersion = 10.0.40219.1
Project("{FAE04EC0-301F-11D3-BF4B-00C04F79EFBC}") = "week5_lab", "week5_lab\week5_lab.csproj", "{4A5AE549-023A-4D7C-AC7C-04FFC0C49D6B}"
EndProject
Global
	GlobalSection(SolutionConfigurationPlatforms) = preSolution
		Debug|Any CPU = Debug|Any CPU
		Release|Any CPU = Release|Any CPU
	EndGlobalSection
	GlobalSection(ProjectConfigurationPlatforms) = postSolution
		{4A5AE549-023A-4D7C-AC7C-04FFC0C49D6B}.Debug|Any CPU.ActiveCfg = Debug|Any CPU
		{4A5AE549-023A-4D7C-AC7C-04FFC0C49D6B}.Debug|Any CPU.Build.0 = Debug|Any CPU
		{4A5AE549-023A-4D7C-AC7C-04FFC0C49D6B}.Release|Any CPU.ActiveCfg = Release|Any CPU
		{4A5AE549-023A-4D7C-AC7C-04FFC0C49D6B}.Release|Any CPU.Build.0 = Release|Any CPU
	EndGlobalSection
	GlobalSection(SolutionProperties) = preSolution
		HideSolutionNode = FALSE
	EndGlobalSection
	GlobalSection(ExtensibilityGlobals) = postSolution
		SolutionGuid = {A320C379-360D-437C-B3B9-013A2760852D}
	EndGlobalSection
EndGlobal
